
Microsoft Visual Studio Solution File, Format Version 12.00
# Visual Studio Version 17
VisualStudioVersion = 17.12.35527.113
MinimumVisualStudioVersion = 10.0.40219.1
Project("{FAE04EC0-301F-11D3-BF4B-00C04F79EFBC}") = "BookSystem", "BookSystem\BookSystem.csproj", "{C8675609-FA68-43CE-928B-C389DB06FB40}"
EndProject
Project("{E53339B2-1760-4266-BCC7-CA923CBCF16C}") = "docker-compose", "docker-compose.dcproj", "{4864A6C8-1A4B-43C9-942E-9D6C60C2375C}"
EndProject
Global
	GlobalSection(SolutionConfigurationPlatforms) = preSolution
		Debug|Any CPU = Debug|Any CPU
		Release|Any CPU = Release|Any CPU
	EndGlobalSection
	GlobalSection(ProjectConfigurationPlatforms) = postSolution
		{C8675609-FA68-43CE-928B-C389DB06FB40}.Debug|Any CPU.ActiveCfg = Debug|Any CPU
		{C8675609-FA68-43CE-928B-C389DB06FB40}.Debug|Any CPU.Build.0 = Debug|Any CPU
		{C8675609-FA68-43CE-928B-C389DB06FB40}.Release|Any CPU.ActiveCfg = Release|Any CPU
		{C8675609-FA68-43CE-928B-C389DB06FB40}.Release|Any CPU.Build.0 = Release|Any CPU
		{4864A6C8-1A4B-43C9-942E-9D6C60C2375C}.Debug|Any CPU.ActiveCfg = Debug|Any CPU
		{4864A6C8-1A4B-43C9-942E-9D6C60C2375C}.Debug|Any CPU.Build.0 = Debug|Any CPU
		{4864A6C8-1A4B-43C9-942E-9D6C60C2375C}.Release|Any CPU.ActiveCfg = Release|Any CPU
		{4864A6C8-1A4B-43C9-942E-9D6C60C2375C}.Release|Any CPU.Build.0 = Release|Any CPU
	EndGlobalSection
	GlobalSection(SolutionProperties) = preSolution
		HideSolutionNode = FALSE
	EndGlobalSection
EndGlobal
